Microsoft Visual Studio Solution File, Format Version 11.00
# Visual Studio 2008

Project("{76CF48D9-54E2-82E5-E655-56783B027282}") = "Twinstick Platformer", "Assembly-CSharp.csproj", "{22E23F7B-4088-2BDE-4EE7-5D674F0B82E4}"
EndProject
Global
	GlobalSection(SolutionConfigurationPlatforms) = preSolution
		Debug|Any CPU = Debug|Any CPU
		Release|Any CPU = Release|Any CPU
	EndGlobalSection
	GlobalSection(ProjectConfigurationPlatforms) = postSolution
		{22E23F7B-4088-2BDE-4EE7-5D674F0B82E4}.Debug|Any CPU.ActiveCfg = Debug|Any CPU
		{22E23F7B-4088-2BDE-4EE7-5D674F0B82E4}.Debug|Any CPU.Build.0 = Debug|Any CPU
		{22E23F7B-4088-2BDE-4EE7-5D674F0B82E4}.Release|Any CPU.ActiveCfg = Release|Any CPU
		{22E23F7B-4088-2BDE-4EE7-5D674F0B82E4}.Release|Any CPU.Build.0 = Release|Any CPU
	EndGlobalSection
	GlobalSection(SolutionProperties) = preSolution
		HideSolutionNode = FALSE
	EndGlobalSection
	GlobalSection(MonoDevelopProperties) = preSolution
		StartupItem = Assembly-CSharp.csproj
	EndGlobalSection
EndGlobal
